
Microsoft Visual Studio Solution File, Format Version 12.00
# Visual Studio Version 17
VisualStudioVersion = 17.14.37216.2 d17.14
MinimumVisualStudioVersion = 10.0.40219.1
Project("{FAE04EC0-301F-11D3-BF4B-00C04F79EFBC}") = "Okosotthon", "Okosotthon\Okosotthon.csproj", "{D54EF1B8-448C-49ED-919F-885CA9AB65E3}"
EndProject
Global
	GlobalSection(SolutionConfigurationPlatforms) = preSolution
		Debug|Any CPU = Debug|Any CPU
		Release|Any CPU = Release|Any CPU
	EndGlobalSection
	GlobalSection(ProjectConfigurationPlatforms) = postSolution
		{D54EF1B8-448C-49ED-919F-885CA9AB65E3}.Debug|Any CPU.ActiveCfg = Debug|Any CPU
		{D54EF1B8-448C-49ED-919F-885CA9AB65E3}.Debug|Any CPU.Build.0 = Debug|Any CPU
		{D54EF1B8-448C-49ED-919F-885CA9AB65E3}.Release|Any CPU.ActiveCfg = Release|Any CPU
		{D54EF1B8-448C-49ED-919F-885CA9AB65E3}.Release|Any CPU.Build.0 = Release|Any CPU
	EndGlobalSection
	GlobalSection(SolutionProperties) = preSolution
		HideSolutionNode = FALSE
	EndGlobalSection
	GlobalSection(ExtensibilityGlobals) = postSolution
		SolutionGuid = {AC9A8C32-3A4B-418B-ACBE-035C873E9262}
	EndGlobalSection
EndGlobal
